// !$*UTF8*$!
{
	archiveVersion = 1;
	classes = {
	};
	objectVersion = 51;
	objects = {

/* Begin PBXBuildFile section */
		478141E8FB96AD730B28BEBB /* Pods_meusFilmesClean.framework in Frameworks */ = {isa = PBXBuildFile; fileRef = 144B330162D9F2063D130494 /* Pods_meusFilmesClean.framework */; };
		A90193092343891D0052CA00 /* AppDelegate.swift in Sources */ = {isa = PBXBuildFile; fileRef = A90193082343891D0052CA00 /* AppDelegate.swift */; };
		A901930E2343891D0052CA00 /* Main.storyboard in Resources */ = {isa = PBXBuildFile; fileRef = A901930C2343891D0052CA00 /* Main.storyboard */; };
		A90193102343891F0052CA00 /* Assets.xcassets in Resources */ = {isa = PBXBuildFile; fileRef = A901930F2343891F0052CA00 /* Assets.xcassets */; };
		A90193132343891F0052CA00 /* LaunchScreen.storyboard in Resources */ = {isa = PBXBuildFile; fileRef = A90193112343891F0052CA00 /* LaunchScreen.storyboard */; };
		A901931E2343891F0052CA00 /* meusFilmesCleanTests.swift in Sources */ = {isa = PBXBuildFile; fileRef = A901931D2343891F0052CA00 /* meusFilmesCleanTests.swift */; };
		A90193302343B7EE0052CA00 /* LoginPresenter.swift in Sources */ = {isa = PBXBuildFile; fileRef = A901932A2343B7EE0052CA00 /* LoginPresenter.swift */; };
		A90193312343B7EE0052CA00 /* LoginWorker.swift in Sources */ = {isa = PBXBuildFile; fileRef = A901932B2343B7EE0052CA00 /* LoginWorker.swift */; };
		A90193322343B7EE0052CA00 /* LoginRouter.swift in Sources */ = {isa = PBXBuildFile; fileRef = A901932C2343B7EE0052CA00 /* LoginRouter.swift */; };
		A90193332343B7EE0052CA00 /* LoginModels.swift in Sources */ = {isa = PBXBuildFile; fileRef = A901932D2343B7EE0052CA00 /* LoginModels.swift */; };
		A90193342343B7EE0052CA00 /* LoginViewController.swift in Sources */ = {isa = PBXBuildFile; fileRef = A901932E2343B7EE0052CA00 /* LoginViewController.swift */; };
		A90193352343B7EE0052CA00 /* LoginInteractor.swift in Sources */ = {isa = PBXBuildFile; fileRef = A901932F2343B7EE0052CA00 /* LoginInteractor.swift */; };
		A90193382343C23B0052CA00 /* LoginService.swift in Sources */ = {isa = PBXBuildFile; fileRef = A90193372343C23A0052CA00 /* LoginService.swift */; };
		A901933D234611700052CA00 /* UserModel.swift in Sources */ = {isa = PBXBuildFile; fileRef = A901933C234611700052CA00 /* UserModel.swift */; };
		A9019340234614640052CA00 /* Extension.swift in Sources */ = {isa = PBXBuildFile; fileRef = A901933F234614640052CA00 /* Extension.swift */; };
		A9019342234624E10052CA00 /* GoogleService-Info.plist in Resources */ = {isa = PBXBuildFile; fileRef = A9019341234624E10052CA00 /* GoogleService-Info.plist */; };
		A90A15FC23464066004BE8E7 /* MeusFilmesPresenter.swift in Sources */ = {isa = PBXBuildFile; fileRef = A90A15F623464066004BE8E7 /* MeusFilmesPresenter.swift */; };
		A90A15FD23464066004BE8E7 /* MeusFilmesWorker.swift in Sources */ = {isa = PBXBuildFile; fileRef = A90A15F723464066004BE8E7 /* MeusFilmesWorker.swift */; };
		A90A15FE23464066004BE8E7 /* MeusFilmesRouter.swift in Sources */ = {isa = PBXBuildFile; fileRef = A90A15F823464066004BE8E7 /* MeusFilmesRouter.swift */; };
		A90A15FF23464066004BE8E7 /* MeusFilmesModels.swift in Sources */ = {isa = PBXBuildFile; fileRef = A90A15F923464066004BE8E7 /* MeusFilmesModels.swift */; };
		A90A160023464066004BE8E7 /* MeusFilmesViewController.swift in Sources */ = {isa = PBXBuildFile; fileRef = A90A15FA23464066004BE8E7 /* MeusFilmesViewController.swift */; };
		A90A160123464066004BE8E7 /* MeusFilmesInteractor.swift in Sources */ = {isa = PBXBuildFile; fileRef = A90A15FB23464066004BE8E7 /* MeusFilmesInteractor.swift */; };
		D944FEBF718A759CE92FD499 /* Pods_meusFilmesCleanTests.framework in Frameworks */ = {isa = PBXBuildFile; fileRef = 0868FF4A33BADDF8C89A9943 /* Pods_meusFilmesCleanTests.framework */; };
/* End PBXBuildFile section */

/* Begin PBXContainerItemProxy section */
		A901931A2343891F0052CA00 /* PBXContainerItemProxy */ = {
			isa = PBXContainerItemProxy;
			containerPortal = A90192FD2343891D0052CA00 /* Project object */;
			proxyType = 1;
			remoteGlobalIDString = A90193042343891D0052CA00;
			remoteInfo = meusFilmesClean;
		};
/* End PBXContainerItemProxy section */

/* Begin PBXFileReference section */
		0868FF4A33BADDF8C89A9943 /* Pods_meusFilmesCleanTests.framework */ = {isa = PBXFileReference; explicitFileType = wrapper.framework; includeInIndex = 0; path = Pods_meusFilmesCleanTests.framework; sourceTree = BUILT_PRODUCTS_DIR; };
		0B5012FBEBDB3EC2189417EB /* Pods-meusFilmesClean.release.xcconfig */ = {isa = PBXFileReference; includeInIndex = 1; lastKnownFileType = text.xcconfig; name = "Pods-meusFilmesClean.release.xcconfig"; path = "Target Support Files/Pods-meusFilmesClean/Pods-meusFilmesClean.release.xcconfig"; sourceTree = "<group>"; };
		144B330162D9F2063D130494 /* Pods_meusFilmesClean.framework */ = {isa = PBXFileReference; explicitFileType = wrapper.framework; includeInIndex = 0; path = Pods_meusFilmesClean.framework; sourceTree = BUILT_PRODUCTS_DIR; };
		817599E8A8DFA0AF68D3DF0F /* Pods-meusFilmesCleanTests.release.xcconfig */ = {isa = PBXFileReference; includeInIndex = 1; lastKnownFileType = text.xcconfig; name = "Pods-meusFilmesCleanTests.release.xcconfig"; path = "Target Support Files/Pods-meusFilmesCleanTests/Pods-meusFilmesCleanTests.release.xcconfig"; sourceTree = "<group>"; };
		A90193052343891D0052CA00 /* meusFilmesClean.app */ = {isa = PBXFileReference; explicitFileType = wrapper.application; includeInIndex = 0; path = meusFilmesClean.app; sourceTree = BUILT_PRODUCTS_DIR; };
		A90193082343891D0052CA00 /* AppDelegate.swift */ = {isa = PBXFileReference; lastKnownFileType = sourcecode.swift; path = AppDelegate.swift; sourceTree = "<group>"; };
		A901930D2343891D0052CA00 /* Base */ = {isa = PBXFileReference; lastKnownFileType = file.storyboard; name = Base; path = Base.lproj/Main.storyboard; sourceTree = "<group>"; };
		A901930F2343891F0052CA00 /* Assets.xcassets */ = {isa = PBXFileReference; lastKnownFileType = folder.assetcatalog; path = Assets.xcassets; sourceTree = "<group>"; };
		A90193122343891F0052CA00 /* Base */ = {isa = PBXFileReference; lastKnownFileType = file.storyboard; name = Base; path = Base.lproj/LaunchScreen.storyboard; sourceTree = "<group>"; };
		A90193142343891F0052CA00 /* Info.plist */ = {isa = PBXFileReference; lastKnownFileType = text.plist.xml; path = Info.plist; sourceTree = "<group>"; };
		A90193192343891F0052CA00 /* meusFilmesCleanTests.xctest */ = {isa = PBXFileReference; explicitFileType = wrapper.cfbundle; includeInIndex = 0; path = meusFilmesCleanTests.xctest; sourceTree = BUILT_PRODUCTS_DIR; };
		A901931D2343891F0052CA00 /* meusFilmesCleanTests.swift */ = {isa = PBXFileReference; lastKnownFileType = sourcecode.swift; path = meusFilmesCleanTests.swift; sourceTree = "<group>"; };
		A901931F2343891F0052CA00 /* Info.plist */ = {isa = PBXFileReference; lastKnownFileType = text.plist.xml; path = Info.plist; sourceTree = "<group>"; };
		A901932A2343B7EE0052CA00 /* LoginPresenter.swift */ = {isa = PBXFileReference; lastKnownFileType = sourcecode.swift; path = LoginPresenter.swift; sourceTree = "<group>"; };
		A901932B2343B7EE0052CA00 /* LoginWorker.swift */ = {isa = PBXFileReference; lastKnownFileType = sourcecode.swift; path = LoginWorker.swift; sourceTree = "<group>"; };
		A901932C2343B7EE0052CA00 /* LoginRouter.swift */ = {isa = PBXFileReference; lastKnownFileType = sourcecode.swift; path = LoginRouter.swift; sourceTree = "<group>"; };
		A901932D2343B7EE0052CA00 /* LoginModels.swift */ = {isa = PBXFileReference; lastKnownFileType = sourcecode.swift; path = LoginModels.swift; sourceTree = "<group>"; };
		A901932E2343B7EE0052CA00 /* LoginViewController.swift */ = {isa = PBXFileReference; lastKnownFileType = sourcecode.swift; path = LoginViewController.swift; sourceTree = "<group>"; };
		A901932F2343B7EE0052CA00 /* LoginInteractor.swift */ = {isa = PBXFileReference; lastKnownFileType = sourcecode.swift; path = LoginInteractor.swift; sourceTree = "<group>"; };
		A90193372343C23A0052CA00 /* LoginService.swift */ = {isa = PBXFileReference; lastKnownFileType = sourcecode.swift; path = LoginService.swift; sourceTree = "<group>"; };
		A901933C234611700052CA00 /* UserModel.swift */ = {isa = PBXFileReference; lastKnownFileType = sourcecode.swift; path = UserModel.swift; sourceTree = "<group>"; };
		A901933F234614640052CA00 /* Extension.swift */ = {isa = PBXFileReference; lastKnownFileType = sourcecode.swift; path = Extension.swift; sourceTree = "<group>"; };
		A9019341234624E10052CA00 /* GoogleService-Info.plist */ = {isa = PBXFileReference; fileEncoding = 4; lastKnownFileType = text.plist.xml; name = "GoogleService-Info.plist"; path = "../../../Downloads/GoogleService-Info.plist"; sourceTree = "<group>"; };
		A90A15F623464066004BE8E7 /* MeusFilmesPresenter.swift */ = {isa = PBXFileReference; lastKnownFileType = sourcecode.swift; path = MeusFilmesPresenter.swift; sourceTree = "<group>"; };
		A90A15F723464066004BE8E7 /* MeusFilmesWorker.swift */ = {isa = PBXFileReference; lastKnownFileType = sourcecode.swift; path = MeusFilmesWorker.swift; sourceTree = "<group>"; };
		A90A15F823464066004BE8E7 /* MeusFilmesRouter.swift */ = {isa = PBXFileReference; lastKnownFileType = sourcecode.swift; path = MeusFilmesRouter.swift; sourceTree = "<group>"; };
		A90A15F923464066004BE8E7 /* MeusFilmesModels.swift */ = {isa = PBXFileReference; lastKnownFileType = sourcecode.swift; path = MeusFilmesModels.swift; sourceTree = "<group>"; };
		A90A15FA23464066004BE8E7 /* MeusFilmesViewController.swift */ = {isa = PBXFileReference; lastKnownFileType = sourcecode.swift; path = MeusFilmesViewController.swift; sourceTree = "<group>"; };
		A90A15FB23464066004BE8E7 /* MeusFilmesInteractor.swift */ = {isa = PBXFileReference; lastKnownFileType = sourcecode.swift; path = MeusFilmesInteractor.swift; sourceTree = "<group>"; };
		BBEDF8232D51B89C1B5A0AE9 /* Pods-meusFilmesClean.debug.xcconfig */ = {isa = PBXFileReference; includeInIndex = 1; lastKnownFileType = text.xcconfig; name = "Pods-meusFilmesClean.debug.xcconfig"; path = "Target Support Files/Pods-meusFilmesClean/Pods-meusFilmesClean.debug.xcconfig"; sourceTree = "<group>"; };
		E6EA2796567AC453611F2C3F /* Pods-meusFilmesCleanTests.debug.xcconfig */ = {isa = PBXFileReference; includeInIndex = 1; lastKnownFileType = text.xcconfig; name = "Pods-meusFilmesCleanTests.debug.xcconfig"; path = "Target Support Files/Pods-meusFilmesCleanTests/Pods-meusFilmesCleanTests.debug.xcconfig"; sourceTree = "<group>"; };
/* End PBXFileReference section */

/* Begin PBXFrameworksBuildPhase section */
		A90193022343891D0052CA00 /* Frameworks */ = {
			isa = PBXFrameworksBuildPhase;
			buildActionMask = 2147483647;
			files = (
				478141E8FB96AD730B28BEBB /* Pods_meusFilmesClean.framework in Frameworks */,
			);
			runOnlyForDeploymentPostprocessing = 0;
		};
		A90193162343891F0052CA00 /* Frameworks */ = {
			isa = PBXFrameworksBuildPhase;
			buildActionMask = 2147483647;
			files = (
				D944FEBF718A759CE92FD499 /* Pods_meusFilmesCleanTests.framework in Frameworks */,
			);
			runOnlyForDeploymentPostprocessing = 0;
		};
/* End PBXFrameworksBuildPhase section */

/* Begin PBXGroup section */
		4F51A8F32E1AB041C68A53B6 /* Pods */ = {
			isa = PBXGroup;
			children = (
				BBEDF8232D51B89C1B5A0AE9 /* Pods-meusFilmesClean.debug.xcconfig */,
				0B5012FBEBDB3EC2189417EB /* Pods-meusFilmesClean.release.xcconfig */,
				E6EA2796567AC453611F2C3F /* Pods-meusFilmesCleanTests.debug.xcconfig */,
				817599E8A8DFA0AF68D3DF0F /* Pods-meusFilmesCleanTests.release.xcconfig */,
			);
			path = Pods;
			sourceTree = "<group>";
		};
		613FCFAAB5C9217B2A42C838 /* Frameworks */ = {
			isa = PBXGroup;
			children = (
				144B330162D9F2063D130494 /* Pods_meusFilmesClean.framework */,
				0868FF4A33BADDF8C89A9943 /* Pods_meusFilmesCleanTests.framework */,
			);
			name = Frameworks;
			sourceTree = "<group>";
		};
		A90192FC2343891D0052CA00 = {
			isa = PBXGroup;
			children = (
				A90193072343891D0052CA00 /* meusFilmesClean */,
				A901931C2343891F0052CA00 /* meusFilmesCleanTests */,
				A90193062343891D0052CA00 /* Products */,
				4F51A8F32E1AB041C68A53B6 /* Pods */,
				613FCFAAB5C9217B2A42C838 /* Frameworks */,
			);
			sourceTree = "<group>";
		};
		A90193062343891D0052CA00 /* Products */ = {
			isa = PBXGroup;
			children = (
				A90193052343891D0052CA00 /* meusFilmesClean.app */,
				A90193192343891F0052CA00 /* meusFilmesCleanTests.xctest */,
			);
			name = Products;
			sourceTree = "<group>";
		};
		A90193072343891D0052CA00 /* meusFilmesClean */ = {
			isa = PBXGroup;
			children = (
				A901933E234614350052CA00 /* Helpers */,
				A901933B2346112F0052CA00 /* Models */,
				A90193362343C2270052CA00 /* Services */,
				A90193282343B7B80052CA00 /* Scenes */,
				A90193082343891D0052CA00 /* AppDelegate.swift */,
				A901930C2343891D0052CA00 /* Main.storyboard */,
				A901930F2343891F0052CA00 /* Assets.xcassets */,
				A90193112343891F0052CA00 /* LaunchScreen.storyboard */,
				A90193142343891F0052CA00 /* Info.plist */,
				A9019341234624E10052CA00 /* GoogleService-Info.plist */,
			);
			path = meusFilmesClean;
			sourceTree = "<group>";
		};
		A901931C2343891F0052CA00 /* meusFilmesCleanTests */ = {
			isa = PBXGroup;
			children = (
				A901931D2343891F0052CA00 /* meusFilmesCleanTests.swift */,
				A901931F2343891F0052CA00 /* Info.plist */,
			);
			path = meusFilmesCleanTests;
			sourceTree = "<group>";
		};
		A90193282343B7B80052CA00 /* Scenes */ = {
			isa = PBXGroup;
			children = (
				A90A15F523464052004BE8E7 /* MeusFilmes */,
				A90193292343B7DA0052CA00 /* Login */,
			);
			path = Scenes;
			sourceTree = "<group>";
		};
		A90193292343B7DA0052CA00 /* Login */ = {
			isa = PBXGroup;
			children = (
				A901932A2343B7EE0052CA00 /* LoginPresenter.swift */,
				A901932B2343B7EE0052CA00 /* LoginWorker.swift */,
				A901932C2343B7EE0052CA00 /* LoginRouter.swift */,
				A901932D2343B7EE0052CA00 /* LoginModels.swift */,
				A901932E2343B7EE0052CA00 /* LoginViewController.swift */,
				A901932F2343B7EE0052CA00 /* LoginInteractor.swift */,
			);
			path = Login;
			sourceTree = "<group>";
		};
		A90193362343C2270052CA00 /* Services */ = {
			isa = PBXGroup;
			children = (
				A90193372343C23A0052CA00 /* LoginService.swift */,
			);
			path = Services;
			sourceTree = "<group>";
		};
		A901933B2346112F0052CA00 /* Models */ = {
			isa = PBXGroup;
			children = (
				A901933C234611700052CA00 /* UserModel.swift */,
			);
			path = Models;
			sourceTree = "<group>";
		};
		A901933E234614350052CA00 /* Helpers */ = {
			isa = PBXGroup;
			children = (
				A901933F234614640052CA00 /* Extension.swift */,
			);
			path = Helpers;
			sourceTree = "<group>";
		};
		A90A15F523464052004BE8E7 /* MeusFilmes */ = {
			isa = PBXGroup;
			children = (
				A90A15F623464066004BE8E7 /* MeusFilmesPresenter.swift */,
				A90A15F723464066004BE8E7 /* MeusFilmesWorker.swift */,
				A90A15F823464066004BE8E7 /* MeusFilmesRouter.swift */,
				A90A15F923464066004BE8E7 /* MeusFilmesModels.swift */,
				A90A15FA23464066004BE8E7 /* MeusFilmesViewController.swift */,
				A90A15FB23464066004BE8E7 /* MeusFilmesInteractor.swift */,
			);
			path = MeusFilmes;
			sourceTree = "<group>";
		};
/* End PBXGroup section */

/* Begin PBXNativeTarget section */
		A90193042343891D0052CA00 /* meusFilmesClean */ = {
			isa = PBXNativeTarget;
			buildConfigurationList = A90193222343891F0052CA00 /* Build configuration list for PBXNativeTarget "meusFilmesClean" */;
			buildPhases = (
				32C6839D8A6B93B22807D3B3 /* [CP] Check Pods Manifest.lock */,
				A90193012343891D0052CA00 /* Sources */,
				A90193022343891D0052CA00 /* Frameworks */,
				A90193032343891D0052CA00 /* Resources */,
				6BE7F104D2022204D9FA1977 /* [CP] Embed Pods Frameworks */,
			);
			buildRules = (
			);
			dependencies = (
			);
			name = meusFilmesClean;
			productName = meusFilmesClean;
			productReference = A90193052343891D0052CA00 /* meusFilmesClean.app */;
			productType = "com.apple.product-type.application";
		};
		A90193182343891F0052CA00 /* meusFilmesCleanTests */ = {
			isa = PBXNativeTarget;
			buildConfigurationList = A90193252343891F0052CA00 /* Build configuration list for PBXNativeTarget "meusFilmesCleanTests" */;
			buildPhases = (
				F4F43CD2DE352AE829F3EEA8 /* [CP] Check Pods Manifest.lock */,
				A90193152343891F0052CA00 /* Sources */,
				A90193162343891F0052CA00 /* Frameworks */,
				A90193172343891F0052CA00 /* Resources */,
			);
			buildRules = (
			);
			dependencies = (
				A901931B2343891F0052CA00 /* PBXTargetDependency */,
			);
			name = meusFilmesCleanTests;
			productName = meusFilmesCleanTests;
			productReference = A90193192343891F0052CA00 /* meusFilmesCleanTests.xctest */;
			productType = "com.apple.product-type.bundle.unit-test";
		};
/* End PBXNativeTarget section */

/* Begin PBXProject section */
		A90192FD2343891D0052CA00 /* Project object */ = {
			isa = PBXProject;
			attributes = {
				LastSwiftUpdateCheck = 1030;
				LastUpgradeCheck = 1030;
				ORGANIZATIONNAME = "Marcus Titton";
				TargetAttributes = {
					A90193042343891D0052CA00 = {
						CreatedOnToolsVersion = 10.3;
					};
					A90193182343891F0052CA00 = {
						CreatedOnToolsVersion = 10.3;
						TestTargetID = A90193042343891D0052CA00;
					};
				};
			};
			buildConfigurationList = A90193002343891D0052CA00 /* Build configuration list for PBXProject "meusFilmesClean" */;
			compatibilityVersion = "Xcode 9.3";
			developmentRegion = en;
			hasScannedForEncodings = 0;
			knownRegions = (
				en,
				Base,
			);
			mainGroup = A90192FC2343891D0052CA00;
			productRefGroup = A90193062343891D0052CA00 /* Products */;
			projectDirPath = "";
			projectRoot = "";
			targets = (
				A90193042343891D0052CA00 /* meusFilmesClean */,
				A90193182343891F0052CA00 /* meusFilmesCleanTests */,
			);
		};
/* End PBXProject section */

/* Begin PBXResourcesBuildPhase section */
		A90193032343891D0052CA00 /* Resources */ = {
			isa = PBXResourcesBuildPhase;
			buildActionMask = 2147483647;
			files = (
				A90193132343891F0052CA00 /* LaunchScreen.storyboard in Resources */,
				A9019342234624E10052CA00 /* GoogleService-Info.plist in Resources */,
				A90193102343891F0052CA00 /* Assets.xcassets in Resources */,
				A901930E2343891D0052CA00 /* Main.storyboard in Resources */,
			);
			runOnlyForDeploymentPostprocessing = 0;
		};
		A90193172343891F0052CA00 /* Resources */ = {
			isa = PBXResourcesBuildPhase;
			buildActionMask = 2147483647;
			files = (
			);
			runOnlyForDeploymentPostprocessing = 0;
		};
/* End PBXResourcesBuildPhase section */

/* Begin PBXShellScriptBuildPhase section */
		32C6839D8A6B93B22807D3B3 /* [CP] Check Pods Manifest.lock */ = {
			isa = PBXShellScriptBuildPhase;
			buildActionMask = 2147483647;
			files = (
			);
			inputFileListPaths = (
			);
			inputPaths = (
				"${PODS_PODFILE_DIR_PATH}/Podfile.lock",
				"${PODS_ROOT}/Manifest.lock",
			);
			name = "[CP] Check Pods Manifest.lock";
			outputFileListPaths = (
			);
			outputPaths = (
				"$(DERIVED_FILE_DIR)/Pods-meusFilmesClean-checkManifestLockResult.txt",
			);
			runOnlyForDeploymentPostprocessing = 0;
			shellPath = /bin/sh;
			shellScript = "diff \"${PODS_PODFILE_DIR_PATH}/Podfile.lock\" \"${PODS_ROOT}/Manifest.lock\" > /dev/null\nif [ $? != 0 ] ; then\n    # print error to STDERR\n    echo \"error: The sandbox is not in sync with the Podfile.lock. Run 'pod install' or update your CocoaPods installation.\" >&2\n    exit 1\nfi\n# This output is used by Xcode 'outputs' to avoid re-running this script phase.\necho \"SUCCESS\" > \"${SCRIPT_OUTPUT_FILE_0}\"\n";
			showEnvVarsInLog = 0;
		};
		6BE7F104D2022204D9FA1977 /* [CP] Embed Pods Frameworks */ = {
			isa = PBXShellScriptBuildPhase;
			buildActionMask = 2147483647;
			files = (
			);
			inputFileListPaths = (
				"${PODS_ROOT}/Target Support Files/Pods-meusFilmesClean/Pods-meusFilmesClean-frameworks-${CONFIGURATION}-input-files.xcfilelist",
			);
			name = "[CP] Embed Pods Frameworks";
			outputFileListPaths = (
				"${PODS_ROOT}/Target Support Files/Pods-meusFilmesClean/Pods-meusFilmesClean-frameworks-${CONFIGURATION}-output-files.xcfilelist",
			);
			runOnlyForDeploymentPostprocessing = 0;
			shellPath = /bin/sh;
			shellScript = "\"${PODS_ROOT}/Target Support Files/Pods-meusFilmesClean/Pods-meusFilmesClean-frameworks.sh\"\n";
			showEnvVarsInLog = 0;
		};
		F4F43CD2DE352AE829F3EEA8 /* [CP] Check Pods Manifest.lock */ = {
			isa = PBXShellScriptBuildPhase;
			buildActionMask = 2147483647;
			files = (
			);
			inputFileListPaths = (
			);
			inputPaths = (
				"${PODS_PODFILE_DIR_PATH}/Podfile.lock",
				"${PODS_ROOT}/Manifest.lock",
			);
			name = "[CP] Check Pods Manifest.lock";
			outputFileListPaths = (
			);
			outputPaths = (
				"$(DERIVED_FILE_DIR)/Pods-meusFilmesCleanTests-checkManifestLockResult.txt",
			);
			runOnlyForDeploymentPostprocessing = 0;
			shellPath = /bin/sh;
			shellScript = "diff \"${PODS_PODFILE_DIR_PATH}/Podfile.lock\" \"${PODS_ROOT}/Manifest.lock\" > /dev/null\nif [ $? != 0 ] ; then\n    # print error to STDERR\n    echo \"error: The sandbox is not in sync with the Podfile.lock. Run 'pod install' or update your CocoaPods installation.\" >&2\n    exit 1\nfi\n# This output is used by Xcode 'outputs' to avoid re-running this script phase.\necho \"SUCCESS\" > \"${SCRIPT_OUTPUT_FILE_0}\"\n";
			showEnvVarsInLog = 0;
		};
/* End PBXShellScriptBuildPhase section */

/* Begin PBXSourcesBuildPhase section */
		A90193012343891D0052CA00 /* Sources */ = {
			isa = PBXSourcesBuildPhase;
			buildActionMask = 2147483647;
			files = (
				A90A160023464066004BE8E7 /* MeusFilmesViewController.swift in Sources */,
				A90A15FC23464066004BE8E7 /* MeusFilmesPresenter.swift in Sources */,
				A90A15FF23464066004BE8E7 /* MeusFilmesModels.swift in Sources */,
				A90193342343B7EE0052CA00 /* LoginViewController.swift in Sources */,
				A90193302343B7EE0052CA00 /* LoginPresenter.swift in Sources */,
				A90A15FE23464066004BE8E7 /* MeusFilmesRouter.swift in Sources */,
				A90193092343891D0052CA00 /* AppDelegate.swift in Sources */,
				A90193382343C23B0052CA00 /* LoginService.swift in Sources */,
				A90193352343B7EE0052CA00 /* LoginInteractor.swift in Sources */,
				A9019340234614640052CA00 /* Extension.swift in Sources */,
				A90A160123464066004BE8E7 /* MeusFilmesInteractor.swift in Sources */,
				A90193332343B7EE0052CA00 /* LoginModels.swift in Sources */,
				A90193322343B7EE0052CA00 /* LoginRouter.swift in Sources */,
				A90A15FD23464066004BE8E7 /* MeusFilmesWorker.swift in Sources */,
				A901933D234611700052CA00 /* UserModel.swift in Sources */,
				A90193312343B7EE0052CA00 /* LoginWorker.swift in Sources */,
			);
			runOnlyForDeploymentPostprocessing = 0;
		};
		A90193152343891F0052CA00 /* Sources */ = {
			isa = PBXSourcesBuildPhase;
			buildActionMask = 2147483647;
			files = (
				A901931E2343891F0052CA00 /* meusFilmesCleanTests.swift in Sources */,
			);
			runOnlyForDeploymentPostprocessing = 0;
		};
/* End PBXSourcesBuildPhase section */

/* Begin PBXTargetDependency section */
		A901931B2343891F0052CA00 /* PBXTargetDependency */ = {
			isa = PBXTargetDependency;
			target = A90193042343891D0052CA00 /* meusFilmesClean */;
			targetProxy = A901931A2343891F0052CA00 /* PBXContainerItemProxy */;
		};
/* End PBXTargetDependency section */

/* Begin PBXVariantGroup section */
		A901930C2343891D0052CA00 /* Main.storyboard */ = {
			isa = PBXVariantGroup;
			children = (
				A901930D2343891D0052CA00 /* Base */,
			);
			name = Main.storyboard;
			sourceTree = "<group>";
		};
		A90193112343891F0052CA00 /* LaunchScreen.storyboard */ = {
			isa = PBXVariantGroup;
			children = (
				A90193122343891F0052CA00 /* Base */,
			);
			name = LaunchScreen.storyboard;
			sourceTree = "<group>";
		};
/* End PBXVariantGroup section */

/* Begin XCBuildConfiguration section */
		A90193202343891F0052CA00 /* Debug */ = {
			isa = XCBuildConfiguration;
			buildSettings = {
				ALWAYS_SEARCH_USER_PATHS = NO;
				CLANG_ANALYZER_NONNULL = YES;
				CLANG_ANALYZER_NUMBER_OBJECT_CONVERSION = YES_AGGRESSIVE;
				CLANG_CXX_LANGUAGE_STANDARD = "gnu++14";
				CLANG_CXX_LIBRARY = "libc++";
				CLANG_ENABLE_MODULES = YES;
				CLANG_ENABLE_OBJC_ARC = YES;
				CLANG_ENABLE_OBJC_WEAK = YES;
				CLANG_WARN_BLOCK_CAPTURE_AUTORELEASING = YES;
				CLANG_WARN_BOOL_CONVERSION = YES;
				CLANG_WARN_COMMA = YES;
				CLANG_WARN_CONSTANT_CONVERSION = YES;
				CLANG_WARN_DEPRECATED_OBJC_IMPLEMENTATIONS = YES;
				CLANG_WARN_DIRECT_OBJC_ISA_USAGE = YES_ERROR;
				CLANG_WARN_DOCUMENTATION_COMMENTS = YES;
				CLANG_WARN_EMPTY_BODY = YES;
				CLANG_WARN_ENUM_CONVERSION = YES;
				CLANG_WARN_INFINITE_RECURSION = YES;
				CLANG_WARN_INT_CONVERSION = YES;
				CLANG_WARN_NON_LITERAL_NULL_CONVERSION = YES;
				CLANG_WARN_OBJC_IMPLICIT_RETAIN_SELF = YES;
				CLANG_WARN_OBJC_LITERAL_CONVERSION = YES;
				CLANG_WARN_OBJC_ROOT_CLASS = YES_ERROR;
				CLANG_WARN_RANGE_LOOP_ANALYSIS = YES;
				CLANG_WARN_STRICT_PROTOTYPES = YES;
				CLANG_WARN_SUSPICIOUS_MOVE = YES;
				CLANG_WARN_UNGUARDED_AVAILABILITY = YES_AGGRESSIVE;
				CLANG_WARN_UNREACHABLE_CODE = YES;
				CLANG_WARN__DUPLICATE_METHOD_MATCH = YES;
				CODE_SIGN_IDENTITY = "iPhone Developer";
				COPY_PHASE_STRIP = NO;
				DEBUG_INFORMATION_FORMAT = dwarf;
				ENABLE_STRICT_OBJC_MSGSEND = YES;
				ENABLE_TESTABILITY = YES;
				GCC_C_LANGUAGE_STANDARD = gnu11;
				GCC_DYNAMIC_NO_PIC = NO;
				GCC_NO_COMMON_BLOCKS = YES;
				GCC_OPTIMIZATION_LEVEL = 0;
				GCC_PREPROCESSOR_DEFINITIONS = (
					"DEBUG=1",
					"$(inherited)",
				);
				GCC_WARN_64_TO_32_BIT_CONVERSION = YES;
				GCC_WARN_ABOUT_RETURN_TYPE = YES_ERROR;
				GCC_WARN_UNDECLARED_SELECTOR = YES;
				GCC_WARN_UNINITIALIZED_AUTOS = YES_AGGRESSIVE;
				GCC_WARN_UNUSED_FUNCTION = YES;
				GCC_WARN_UNUSED_VARIABLE = YES;
				IPHONEOS_DEPLOYMENT_TARGET = 12.4;
				MTL_ENABLE_DEBUG_INFO = INCLUDE_SOURCE;
				MTL_FAST_MATH = YES;
				ONLY_ACTIVE_ARCH = YES;
				SDKROOT = iphoneos;
				SWIFT_ACTIVE_COMPILATION_CONDITIONS = DEBUG;
				SWIFT_OPTIMIZATION_LEVEL = "-Onone";
			};
			name = Debug;
		};
		A90193212343891F0052CA00 /* Release */ = {
			isa = XCBuildConfiguration;
			buildSettings = {
				ALWAYS_SEARCH_USER_PATHS = NO;
				CLANG_ANALYZER_NONNULL = YES;
				CLANG_ANALYZER_NUMBER_OBJECT_CONVERSION = YES_AGGRESSIVE;
				CLANG_CXX_LANGUAGE_STANDARD = "gnu++14";
				CLANG_CXX_LIBRARY = "libc++";
				CLANG_ENABLE_MODULES = YES;
				CLANG_ENABLE_OBJC_ARC = YES;
				CLANG_ENABLE_OBJC_WEAK = YES;
				CLANG_WARN_BLOCK_CAPTURE_AUTORELEASING = YES;
				CLANG_WARN_BOOL_CONVERSION = YES;
				CLANG_WARN_COMMA = YES;
				CLANG_WARN_CONSTANT_CONVERSION = YES;
				CLANG_WARN_DEPRECATED_OBJC_IMPLEMENTATIONS = YES;
				CLANG_WARN_DIRECT_OBJC_ISA_USAGE = YES_ERROR;
				CLANG_WARN_DOCUMENTATION_COMMENTS = YES;
				CLANG_WARN_EMPTY_BODY = YES;
				CLANG_WARN_ENUM_CONVERSION = YES;
				CLANG_WARN_INFINITE_RECURSION = YES;
				CLANG_WARN_INT_CONVERSION = YES;
				CLANG_WARN_NON_LITERAL_NULL_CONVERSION = YES;
				CLANG_WARN_OBJC_IMPLICIT_RETAIN_SELF = YES;
				CLANG_WARN_OBJC_LITERAL_CONVERSION = YES;
				CLANG_WARN_OBJC_ROOT_CLASS = YES_ERROR;
				CLANG_WARN_RANGE_LOOP_ANALYSIS = YES;
				CLANG_WARN_STRICT_PROTOTYPES = YES;
				CLANG_WARN_SUSPICIOUS_MOVE = YES;
				CLANG_WARN_UNGUARDED_AVAILABILITY = YES_AGGRESSIVE;
				CLANG_WARN_UNREACHABLE_CODE = YES;
				CLANG_WARN__DUPLICATE_METHOD_MATCH = YES;
				CODE_SIGN_IDENTITY = "iPhone Developer";
				COPY_PHASE_STRIP = NO;
				DEBUG_INFORMATION_FORMAT = "dwarf-with-dsym";
				ENABLE_NS_ASSERTIONS = NO;
				ENABLE_STRICT_OBJC_MSGSEND = YES;
				GCC_C_LANGUAGE_STANDARD = gnu11;
				GCC_NO_COMMON_BLOCKS = YES;
				GCC_WARN_64_TO_32_BIT_CONVERSION = YES;
				GCC_WARN_ABOUT_RETURN_TYPE = YES_ERROR;
				GCC_WARN_UNDECLARED_SELECTOR = YES;
				GCC_WARN_UNINITIALIZED_AUTOS = YES_AGGRESSIVE;
				GCC_WARN_UNUSED_FUNCTION = YES;
				GCC_WARN_UNUSED_VARIABLE = YES;
				IPHONEOS_DEPLOYMENT_TARGET = 12.4;
				MTL_ENABLE_DEBUG_INFO = NO;
				MTL_FAST_MATH = YES;
				SDKROOT = iphoneos;
				SWIFT_COMPILATION_MODE = wholemodule;
				SWIFT_OPTIMIZATION_LEVEL = "-O";
				VALIDATE_PRODUCT = YES;
			};
			name = Release;
		};
		A90193232343891F0052CA00 /* Debug */ = {
			isa = XCBuildConfiguration;
			baseConfigurationReference = BBEDF8232D51B89C1B5A0AE9 /* Pods-meusFilmesClean.debug.xcconfig */;
			buildSettings = {
				ASSETCATALOG_COMPILER_APPICON_NAME = AppIcon;
				CODE_SIGN_STYLE = Automatic;
				DEVELOPMENT_TEAM = PWJTZ7PAUG;
				INFOPLIST_FILE = meusFilmesClean/Info.plist;
				LD_RUNPATH_SEARCH_PATHS = (
					"$(inherited)",
					"@executable_path/Frameworks",
				);
				PRODUCT_BUNDLE_IDENTIFIER = com.mtitton.capgemini.meusFilmesClean;
				PRODUCT_NAME = "$(TARGET_NAME)";
				SWIFT_VERSION = 5.0;
				TARGETED_DEVICE_FAMILY = "1,2";
			};
			name = Debug;
		};
		A90193242343891F0052CA00 /* Release */ = {
			isa = XCBuildConfiguration;
			baseConfigurationReference = 0B5012FBEBDB3EC2189417EB /* Pods-meusFilmesClean.release.xcconfig */;
			buildSettings = {
				ASSETCATALOG_COMPILER_APPICON_NAME = AppIcon;
				CODE_SIGN_STYLE = Automatic;
				DEVELOPMENT_TEAM = PWJTZ7PAUG;
				INFOPLIST_FILE = meusFilmesClean/Info.plist;
				LD_RUNPATH_SEARCH_PATHS = (
					"$(inherited)",
					"@executable_path/Frameworks",
				);
				PRODUCT_BUNDLE_IDENTIFIER = com.mtitton.capgemini.meusFilmesClean;
				PRODUCT_NAME = "$(TARGET_NAME)";
				SWIFT_VERSION = 5.0;
				TARGETED_DEVICE_FAMILY = "1,2";
			};
			name = Release;
		};
		A90193262343891F0052CA00 /* Debug */ = {
			isa = XCBuildConfiguration;
			baseConfigurationReference = E6EA2796567AC453611F2C3F /* Pods-meusFilmesCleanTests.debug.xcconfig */;
			buildSettings = {
				ALWAYS_EMBED_SWIFT_STANDARD_LIBRARIES = YES;
				BUNDLE_LOADER = "$(TEST_HOST)";
				CODE_SIGN_STYLE = Automatic;
				DEVELOPMENT_TEAM = PWJTZ7PAUG;
				INFOPLIST_FILE = meusFilmesCleanTests/Info.plist;
				LD_RUNPATH_SEARCH_PATHS = (
					"$(inherited)",
					"@executable_path/Frameworks",
					"@loader_path/Frameworks",
				);
				PRODUCT_BUNDLE_IDENTIFIER = com.mtitton.capgemini.meusFilmesCleanTests;
				PRODUCT_NAME = "$(TARGET_NAME)";
				SWIFT_VERSION = 5.0;
				TARGETED_DEVICE_FAMILY = "1,2";
				TEST_HOST = "$(BUILT_PRODUCTS_DIR)/meusFilmesClean.app/meusFilmesClean";
			};
			name = Debug;
		};
		A90193272343891F0052CA00 /* Release */ = {
			isa = XCBuildConfiguration;
			baseConfigurationReference = 817599E8A8DFA0AF68D3DF0F /* Pods-meusFilmesCleanTests.release.xcconfig */;
			buildSettings = {
				ALWAYS_EMBED_SWIFT_STANDARD_LIBRARIES = YES;
				BUNDLE_LOADER = "$(TEST_HOST)";
				CODE_SIGN_STYLE = Automatic;
				DEVELOPMENT_TEAM = PWJTZ7PAUG;
				INFOPLIST_FILE = meusFilmesCleanTests/Info.plist;
				LD_RUNPATH_SEARCH_PATHS = (
					"$(inherited)",
					"@executable_path/Frameworks",
					"@loader_path/Frameworks",
				);
				PRODUCT_BUNDLE_IDENTIFIER = com.mtitton.capgemini.meusFilmesCleanTests;
				PRODUCT_NAME = "$(TARGET_NAME)";
				SWIFT_VERSION = 5.0;
				TARGETED_DEVICE_FAMILY = "1,2";
				TEST_HOST = "$(BUILT_PRODUCTS_DIR)/meusFilmesClean.app/meusFilmesClean";
			};
			name = Release;
		};
/* End XCBuildConfiguration section */

/* Begin XCConfigurationList section */
		A90193002343891D0052CA00 /* Build configuration list for PBXProject "meusFilmesClean" */ = {
			isa = XCConfigurationList;
			buildConfigurations = (
				A90193202343891F0052CA00 /* Debug */,
				A90193212343891F0052CA00 /* Release */,
			);
			defaultConfigurationIsVisible = 0;
			defaultConfigurationName = Release;
		};
		A90193222343891F0052CA00 /* Build configuration list for PBXNativeTarget "meusFilmesClean" */ = {
			isa = XCConfigurationList;
			buildConfigurations = (
				A90193232343891F0052CA00 /* Debug */,
				A90193242343891F0052CA00 /* Release */,
			);
			defaultConfigurationIsVisible = 0;
			defaultConfigurationName = Release;
		};
		A90193252343891F0052CA00 /* Build configuration list for PBXNativeTarget "meusFilmesCleanTests" */ = {
			isa = XCConfigurationList;
			buildConfigurations = (
				A90193262343891F0052CA00 /* Debug */,
				A90193272343891F0052CA00 /* Release */,
			);
			defaultConfigurationIsVisible = 0;
			defaultConfigurationName = Release;
		};
/* End XCConfigurationList section */
	};
	rootObject = A90192FD2343891D0052CA00 /* Project object */;
}
